
Microsoft Visual Studio Solution File, Format Version 12.00
# Visual Studio Version 16
VisualStudioVersion = 16.0.30002.166
MinimumVisualStudioVersion = 10.0.40219.1
Project("{FAE04EC0-301F-11D3-BF4B-00C04F79EFBC}") = "QLSX.DVES", "QLSX.DVES\QLSX.DVES.csproj", "{05BCB54B-AE68-4B3D-8F16-4A1926EC0466}"
EndProject
Project("{FAE04EC0-301F-11D3-BF4B-00C04F79EFBC}") = "QLSX.Service", "..\..\QLSX.Service\QLSX.Service\QLSX.Service.csproj", "{93E4704B-3AFB-4181-ADD7-4CB4822B88F1}"
EndProject
Global
	GlobalSection(SolutionConfigurationPlatforms) = preSolution
		Debug|Any CPU = Debug|Any CPU
		Release|Any CPU = Release|Any CPU
	EndGlobalSection
	GlobalSection(ProjectConfigurationPlatforms) = postSolution
		{05BCB54B-AE68-4B3D-8F16-4A1926EC0466}.Debug|Any CPU.ActiveCfg = Debug|Any CPU
		{05BCB54B-AE68-4B3D-8F16-4A1926EC0466}.Debug|Any CPU.Build.0 = Debug|Any CPU
		{05BCB54B-AE68-4B3D-8F16-4A1926EC0466}.Release|Any CPU.ActiveCfg = Release|Any CPU
		{05BCB54B-AE68-4B3D-8F16-4A1926EC0466}.Release|Any CPU.Build.0 = Release|Any CPU
		{93E4704B-3AFB-4181-ADD7-4CB4822B88F1}.Debug|Any CPU.ActiveCfg = Debug|Any CPU
		{93E4704B-3AFB-4181-ADD7-4CB4822B88F1}.Debug|Any CPU.Build.0 = Debug|Any CPU
		{93E4704B-3AFB-4181-ADD7-4CB4822B88F1}.Release|Any CPU.ActiveCfg = Release|Any CPU
		{93E4704B-3AFB-4181-ADD7-4CB4822B88F1}.Release|Any CPU.Build.0 = Release|Any CPU
	EndGlobalSection
	GlobalSection(SolutionProperties) = preSolution
		HideSolutionNode = FALSE
	EndGlobalSection
	GlobalSection(ExtensibilityGlobals) = postSolution
		SolutionGuid = {A7CC57AB-84B4-4601-844F-8AACF9D42FC2}
	EndGlobalSection
EndGlobal
